
Microsoft Visual Studio Solution File, Format Version 12.00
# Visual Studio 15
VisualStudioVersion = 15.0.26430.12
MinimumVisualStudioVersion = 10.0.40219.1
Project("{8BC9CEB8-8B4A-11D0-8D11-00A0C91BC942}") = "Selection Sort", "Selection Sort\Selection Sort.vcxproj", "{6871A223-4145-458B-8AFD-B43AC076F476}"
EndProject
Project("{8BC9CEB8-8B4A-11D0-8D11-00A0C91BC942}") = "Bubble Sort", "Bubble Sort\Bubble Sort.vcxproj", "{CB5C1134-54AB-43B4-9FC7-1F77E0B4E25C}"
EndProject
Project("{8BC9CEB8-8B4A-11D0-8D11-00A0C91BC942}") = "Insertion Sort", "Insertion Sort\Insertion Sort.vcxproj", "{78EB5755-74D1-496E-A48A-AAACE0395194}"
EndProject
Project("{8BC9CEB8-8B4A-11D0-8D11-00A0C91BC942}") = "Merge Sort", "Merge Sort\Merge Sort.vcxproj", "{89DC9D15-F5C0-4775-9D0B-1A857D03EBC6}"
EndProject
Project("{8BC9CEB8-8B4A-11D0-8D11-00A0C91BC942}") = "Quick Sort", "Quick Sort\Quick Sort.vcxproj", "{53BBDCD8-6D3E-440E-9B01-4B41E8C7BB49}"
EndProject
Global
	GlobalSection(SolutionConfigurationPlatforms) = preSolution
		Debug|x64 = Debug|x64
		Debug|x86 = Debug|x86
		Release|x64 = Release|x64
		Release|x86 = Release|x86
	EndGlobalSection
	GlobalSection(ProjectConfigurationPlatforms) = postSolution
		{6871A223-4145-458B-8AFD-B43AC076F476}.Debug|x64.ActiveCfg = Debug|x64
		{6871A223-4145-458B-8AFD-B43AC076F476}.Debug|x64.Build.0 = Debug|x64
		{6871A223-4145-458B-8AFD-B43AC076F476}.Debug|x86.ActiveCfg = Debug|Win32
		{6871A223-4145-458B-8AFD-B43AC076F476}.Debug|x86.Build.0 = Debug|Win32
		{6871A223-4145-458B-8AFD-B43AC076F476}.Release|x64.ActiveCfg = Release|x64
		{6871A223-4145-458B-8AFD-B43AC076F476}.Release|x64.Build.0 = Release|x64
		{6871A223-4145-458B-8AFD-B43AC076F476}.Release|x86.ActiveCfg = Release|Win32
		{6871A223-4145-458B-8AFD-B43AC076F476}.Release|x86.Build.0 = Release|Win32
		{CB5C1134-54AB-43B4-9FC7-1F77E0B4E25C}.Debug|x64.ActiveCfg = Debug|x64
		{CB5C1134-54AB-43B4-9FC7-1F77E0B4E25C}.Debug|x64.Build.0 = Debug|x64
		{CB5C1134-54AB-43B4-9FC7-1F77E0B4E25C}.Debug|x86.ActiveCfg = Debug|Win32
		{CB5C1134-54AB-43B4-9FC7-1F77E0B4E25C}.Debug|x86.Build.0 = Debug|Win32
		{CB5C1134-54AB-43B4-9FC7-1F77E0B4E25C}.Release|x64.ActiveCfg = Release|x64
		{CB5C1134-54AB-43B4-9FC7-1F77E0B4E25C}.Release|x64.Build.0 = Release|x64
		{CB5C1134-54AB-43B4-9FC7-1F77E0B4E25C}.Release|x86.ActiveCfg = Release|Win32
		{CB5C1134-54AB-43B4-9FC7-1F77E0B4E25C}.Release|x86.Build.0 = Release|Win32
		{78EB5755-74D1-496E-A48A-AAACE0395194}.Debug|x64.ActiveCfg = Debug|x64
		{78EB5755-74D1-496E-A48A-AAACE0395194}.Debug|x64.Build.0 = Debug|x64
		{78EB5755-74D1-496E-A48A-AAACE0395194}.Debug|x86.ActiveCfg = Debug|Win32
		{78EB5755-74D1-496E-A48A-AAACE0395194}.Debug|x86.Build.0 = Debug|Win32
		{78EB5755-74D1-496E-A48A-AAACE0395194}.Release|x64.ActiveCfg = Release|x64
		{78EB5755-74D1-496E-A48A-AAACE0395194}.Release|x64.Build.0 = Release|x64
		{78EB5755-74D1-496E-A48A-AAACE0395194}.Release|x86.ActiveCfg = Release|Win32
		{78EB5755-74D1-496E-A48A-AAACE0395194}.Release|x86.Build.0 = Release|Win32
		{89DC9D15-F5C0-4775-9D0B-1A857D03EBC6}.Debug|x64.ActiveCfg = Debug|x64
		{89DC9D15-F5C0-4775-9D0B-1A857D03EBC6}.Debug|x64.Build.0 = Debug|x64
		{89DC9D15-F5C0-4775-9D0B-1A857D03EBC6}.Debug|x86.ActiveCfg = Debug|Win32
		{89DC9D15-F5C0-4775-9D0B-1A857D03EBC6}.Debug|x86.Build.0 = Debug|Win32
		{89DC9D15-F5C0-4775-9D0B-1A857D03EBC6}.Release|x64.ActiveCfg = Release|x64
		{89DC9D15-F5C0-4775-9D0B-1A857D03EBC6}.Release|x64.Build.0 = Release|x64
		{89DC9D15-F5C0-4775-9D0B-1A857D03EBC6}.Release|x86.ActiveCfg = Release|Win32
		{89DC9D15-F5C0-4775-9D0B-1A857D03EBC6}.Release|x86.Build.0 = Release|Win32
		{53BBDCD8-6D3E-440E-9B01-4B41E8C7BB49}.Debug|x64.ActiveCfg = Debug|x64
		{53BBDCD8-6D3E-440E-9B01-4B41E8C7BB49}.Debug|x64.Build.0 = Debug|x64
		{53BBDCD8-6D3E-440E-9B01-4B41E8C7BB49}.Debug|x86.ActiveCfg = Debug|Win32
		{53BBDCD8-6D3E-440E-9B01-4B41E8C7BB49}.Debug|x86.Build.0 = Debug|Win32
		{53BBDCD8-6D3E-440E-9B01-4B41E8C7BB49}.Release|x64.ActiveCfg = Release|x64
		{53BBDCD8-6D3E-440E-9B01-4B41E8C7BB49}.Release|x64.Build.0 = Release|x64
		{53BBDCD8-6D3E-440E-9B01-4B41E8C7BB49}.Release|x86.ActiveCfg = Release|Win32
		{53BBDCD8-6D3E-440E-9B01-4B41E8C7BB49}.Release|x86.Build.0 = Release|Win32
	EndGlobalSection
	GlobalSection(SolutionProperties) = preSolution
		HideSolutionNode = FALSE
	EndGlobalSection
EndGlobal
